Microsoft Visual Studio Solution File, Format Version 11.00
# Visual Studio 2010
Project("{FAE04EC0-301F-11D3-BF4B-00C04F79EFBC}") = "DocView", "DocView\Kesco.App.Win.DocView.csproj", "{B45908D1-8590-45A0-B96B-D6E46A2AD825}"
	ProjectSection(ProjectDependencies) = postProject
		{FC924B22-160A-4F7F-98EB-63E420DE694E} = {FC924B22-160A-4F7F-98EB-63E420DE694E}
		{A6E0282A-D134-40DD-8EFA-A3F6332B4EDD} = {A6E0282A-D134-40DD-8EFA-A3F6332B4EDD}
		{9B40FE2D-9949-4151-BE04-7A17B522FF04} = {9B40FE2D-9949-4151-BE04-7A17B522FF04}
		{C43B3E47-1C7F-4BD5-84FC-3DA4E06F57EA} = {C43B3E47-1C7F-4BD5-84FC-3DA4E06F57EA}
		{D6AEAF57-8C50-4E65-AF04-2A04B5BBAC2B} = {D6AEAF57-8C50-4E65-AF04-2A04B5BBAC2B}
		{07FA207B-DD6A-4376-821D-C76EEB4E9988} = {07FA207B-DD6A-4376-821D-C76EEB4E9988}
		{6990228A-4238-4B89-9D68-E28630703FF2} = {6990228A-4238-4B89-9D68-E28630703FF2}
		{88C502A2-4FCD-4D27-9D6D-74ED1A5F3C8F} = {88C502A2-4FCD-4D27-9D6D-74ED1A5F3C8F}
		{61CC01A3-2071-4C45-83B9-919662DCDBE8} = {61CC01A3-2071-4C45-83B9-919662DCDBE8}
		{CBBF95B6-E6B1-4315-A94C-63C6743AA7C8} = {CBBF95B6-E6B1-4315-A94C-63C6743AA7C8}
		{9C032DF2-BE3C-4BDB-9738-CEAC345BD838} = {9C032DF2-BE3C-4BDB-9738-CEAC345BD838}
	EndProjectSection
EndProject
Project("{FAE04EC0-301F-11D3-BF4B-00C04F79EFBC}") = "Document", "Document\Kesco.Lib.Win.Document.csproj", "{07FA207B-DD6A-4376-821D-C76EEB4E9988}"
	ProjectSection(ProjectDependencies) = postProject
		{FC924B22-160A-4F7F-98EB-63E420DE694E} = {FC924B22-160A-4F7F-98EB-63E420DE694E}
		{A6E0282A-D134-40DD-8EFA-A3F6332B4EDD} = {A6E0282A-D134-40DD-8EFA-A3F6332B4EDD}
		{9B40FE2D-9949-4151-BE04-7A17B522FF04} = {9B40FE2D-9949-4151-BE04-7A17B522FF04}
		{C43B3E47-1C7F-4BD5-84FC-3DA4E06F57EA} = {C43B3E47-1C7F-4BD5-84FC-3DA4E06F57EA}
		{D6AEAF57-8C50-4E65-AF04-2A04B5BBAC2B} = {D6AEAF57-8C50-4E65-AF04-2A04B5BBAC2B}
		{6990228A-4238-4B89-9D68-E28630703FF2} = {6990228A-4238-4B89-9D68-E28630703FF2}
		{88C502A2-4FCD-4D27-9D6D-74ED1A5F3C8F} = {88C502A2-4FCD-4D27-9D6D-74ED1A5F3C8F}
		{61CC01A3-2071-4C45-83B9-919662DCDBE8} = {61CC01A3-2071-4C45-83B9-919662DCDBE8}
		{CBBF95B6-E6B1-4315-A94C-63C6743AA7C8} = {CBBF95B6-E6B1-4315-A94C-63C6743AA7C8}
		{9C032DF2-BE3C-4BDB-9738-CEAC345BD838} = {9C032DF2-BE3C-4BDB-9738-CEAC345BD838}
	EndProjectSection
EndProject
Project("{FAE04EC0-301F-11D3-BF4B-00C04F79EFBC}") = "ImageControl", "ImageControl\Kesco.Lib.Win.ImageControl.csproj", "{D6AEAF57-8C50-4E65-AF04-2A04B5BBAC2B}"
	ProjectSection(ProjectDependencies) = postProject
		{FC924B22-160A-4F7F-98EB-63E420DE694E} = {FC924B22-160A-4F7F-98EB-63E420DE694E}
		{61CC01A3-2071-4C45-83B9-919662DCDBE8} = {61CC01A3-2071-4C45-83B9-919662DCDBE8}
	EndProjectSection
EndProject
Project("{FAE04EC0-301F-11D3-BF4B-00C04F79EFBC}") = "Tiff", "Tiff\Kesco.Lib.Win.Tiff.csproj", "{61CC01A3-2071-4C45-83B9-919662DCDBE8}"
	ProjectSection(ProjectDependencies) = postProject
		{FC924B22-160A-4F7F-98EB-63E420DE694E} = {FC924B22-160A-4F7F-98EB-63E420DE694E}
	EndProjectSection
EndProject
Project("{FAE04EC0-301F-11D3-BF4B-00C04F79EFBC}") = "PrintReport", "PrintReport\Kesco.Lib.Win.PrintReport.csproj", "{9C032DF2-BE3C-4BDB-9738-CEAC345BD838}"
	ProjectSection(ProjectDependencies) = postProject
		{FC924B22-160A-4F7F-98EB-63E420DE694E} = {FC924B22-160A-4F7F-98EB-63E420DE694E}
	EndProjectSection
EndProject
Project("{FAE04EC0-301F-11D3-BF4B-00C04F79EFBC}") = "Win", "Win\Kesco.Lib.Win.csproj", "{9B40FE2D-9949-4151-BE04-7A17B522FF04}"
EndProject
Project("{FAE04EC0-301F-11D3-BF4B-00C04F79EFBC}") = "Data", "Data\Kesco.Lib.Win.Data.csproj", "{88C502A2-4FCD-4D27-9D6D-74ED1A5F3C8F}"
	ProjectSection(ProjectDependencies) = postProject
		{FC924B22-160A-4F7F-98EB-63E420DE694E} = {FC924B22-160A-4F7F-98EB-63E420DE694E}
	EndProjectSection
EndProject
Project("{FAE04EC0-301F-11D3-BF4B-00C04F79EFBC}") = "Error", "Error\Kesco.Lib.Win.Error.csproj", "{A6E0282A-D134-40DD-8EFA-A3F6332B4EDD}"
EndProject
Project("{FAE04EC0-301F-11D3-BF4B-00C04F79EFBC}") = "Options", "Options\Kesco.Lib.Win.Options.csproj", "{CBBF95B6-E6B1-4315-A94C-63C6743AA7C8}"
EndProject
Project("{FAE04EC0-301F-11D3-BF4B-00C04F79EFBC}") = "Receive", "Receive\Kesco.Lib.Win.Receive.csproj", "{6990228A-4238-4B89-9D68-E28630703FF2}"
	ProjectSection(ProjectDependencies) = postProject
		{FC924B22-160A-4F7F-98EB-63E420DE694E} = {FC924B22-160A-4F7F-98EB-63E420DE694E}
	EndProjectSection
EndProject
Project("{FAE04EC0-301F-11D3-BF4B-00C04F79EFBC}") = "SingleInstance", "SingleInstance\Kesco.Lib.Win.SingleInstance.csproj", "{C43B3E47-1C7F-4BD5-84FC-3DA4E06F57EA}"
EndProject
Project("{FAE04EC0-301F-11D3-BF4B-00C04F79EFBC}") = "Log", "Log\Kesco.Lib.Log.csproj", "{FC924B22-160A-4F7F-98EB-63E420DE694E}"
EndProject
Project("{FAE04EC0-301F-11D3-BF4B-00C04F79EFBC}") = "MuPDF", "MuPDF\Kesco.Lib.Win.MuPDF.csproj", "{5E72E751-1FE9-451B-B548-B645829A0951}"
EndProject
Global
	GlobalSection(SubversionScc) = preSolution
		Svn-Managed = True
		Manager = AnkhSVN - Subversion Support for Visual Studio
	EndGlobalSection
	GlobalSection(SolutionConfigurationPlatforms) = preSolution
		Debug|Any CPU = Debug|Any CPU
		Debug|x86 = Debug|x86
		Release|Any CPU = Release|Any CPU
		Release|x86 = Release|x86
	EndGlobalSection
	GlobalSection(ProjectConfigurationPlatforms) = postSolution
		{B45908D1-8590-45A0-B96B-D6E46A2AD825}.Debug|Any CPU.ActiveCfg = Debug|Any CPU
		{B45908D1-8590-45A0-B96B-D6E46A2AD825}.Debug|Any CPU.Build.0 = Debug|Any CPU
		{B45908D1-8590-45A0-B96B-D6E46A2AD825}.Debug|x86.ActiveCfg = Debug|x86
		{B45908D1-8590-45A0-B96B-D6E46A2AD825}.Debug|x86.Build.0 = Debug|x86
		{B45908D1-8590-45A0-B96B-D6E46A2AD825}.Release|Any CPU.ActiveCfg = Release|Any CPU
		{B45908D1-8590-45A0-B96B-D6E46A2AD825}.Release|Any CPU.Build.0 = Release|Any CPU
		{B45908D1-8590-45A0-B96B-D6E46A2AD825}.Release|x86.ActiveCfg = Release|x86
		{B45908D1-8590-45A0-B96B-D6E46A2AD825}.Release|x86.Build.0 = Release|x86
		{07FA207B-DD6A-4376-821D-C76EEB4E9988}.Debug|Any CPU.ActiveCfg = Debug|Any CPU
		{07FA207B-DD6A-4376-821D-C76EEB4E9988}.Debug|Any CPU.Build.0 = Debug|Any CPU
		{07FA207B-DD6A-4376-821D-C76EEB4E9988}.Debug|x86.ActiveCfg = Debug|x86
		{07FA207B-DD6A-4376-821D-C76EEB4E9988}.Debug|x86.Build.0 = Debug|x86
		{07FA207B-DD6A-4376-821D-C76EEB4E9988}.Release|Any CPU.ActiveCfg = Release|Any CPU
		{07FA207B-DD6A-4376-821D-C76EEB4E9988}.Release|Any CPU.Build.0 = Release|Any CPU
		{07FA207B-DD6A-4376-821D-C76EEB4E9988}.Release|x86.ActiveCfg = Release|x86
		{07FA207B-DD6A-4376-821D-C76EEB4E9988}.Release|x86.Build.0 = Release|x86
		{D6AEAF57-8C50-4E65-AF04-2A04B5BBAC2B}.Debug|Any CPU.ActiveCfg = Debug|Any CPU
		{D6AEAF57-8C50-4E65-AF04-2A04B5BBAC2B}.Debug|Any CPU.Build.0 = Debug|Any CPU
		{D6AEAF57-8C50-4E65-AF04-2A04B5BBAC2B}.Debug|x86.ActiveCfg = Debug|x86
		{D6AEAF57-8C50-4E65-AF04-2A04B5BBAC2B}.Debug|x86.Build.0 = Debug|x86
		{D6AEAF57-8C50-4E65-AF04-2A04B5BBAC2B}.Release|Any CPU.ActiveCfg = Release|Any CPU
		{D6AEAF57-8C50-4E65-AF04-2A04B5BBAC2B}.Release|Any CPU.Build.0 = Release|Any CPU
		{D6AEAF57-8C50-4E65-AF04-2A04B5BBAC2B}.Release|x86.ActiveCfg = Release|x86
		{D6AEAF57-8C50-4E65-AF04-2A04B5BBAC2B}.Release|x86.Build.0 = Release|x86
		{61CC01A3-2071-4C45-83B9-919662DCDBE8}.Debug|Any CPU.ActiveCfg = Debug|Any CPU
		{61CC01A3-2071-4C45-83B9-919662DCDBE8}.Debug|Any CPU.Build.0 = Debug|Any CPU
		{61CC01A3-2071-4C45-83B9-919662DCDBE8}.Debug|x86.ActiveCfg = Debug|x86
		{61CC01A3-2071-4C45-83B9-919662DCDBE8}.Debug|x86.Build.0 = Debug|x86
		{61CC01A3-2071-4C45-83B9-919662DCDBE8}.Release|Any CPU.ActiveCfg = Release|Any CPU
		{61CC01A3-2071-4C45-83B9-919662DCDBE8}.Release|Any CPU.Build.0 = Release|Any CPU
		{61CC01A3-2071-4C45-83B9-919662DCDBE8}.Release|x86.ActiveCfg = Release|x86
		{61CC01A3-2071-4C45-83B9-919662DCDBE8}.Release|x86.Build.0 = Release|x86
		{9C032DF2-BE3C-4BDB-9738-CEAC345BD838}.Debug|Any CPU.ActiveCfg = Debug|Any CPU
		{9C032DF2-BE3C-4BDB-9738-CEAC345BD838}.Debug|Any CPU.Build.0 = Debug|Any CPU
		{9C032DF2-BE3C-4BDB-9738-CEAC345BD838}.Debug|x86.ActiveCfg = Debug|x86
		{9C032DF2-BE3C-4BDB-9738-CEAC345BD838}.Debug|x86.Build.0 = Debug|x86
		{9C032DF2-BE3C-4BDB-9738-CEAC345BD838}.Release|Any CPU.ActiveCfg = Release|Any CPU
		{9C032DF2-BE3C-4BDB-9738-CEAC345BD838}.Release|Any CPU.Build.0 = Release|Any CPU
		{9C032DF2-BE3C-4BDB-9738-CEAC345BD838}.Release|x86.ActiveCfg = Release|x86
		{9C032DF2-BE3C-4BDB-9738-CEAC345BD838}.Release|x86.Build.0 = Release|x86
		{9B40FE2D-9949-4151-BE04-7A17B522FF04}.Debug|Any CPU.ActiveCfg = Debug|Any CPU
		{9B40FE2D-9949-4151-BE04-7A17B522FF04}.Debug|Any CPU.Build.0 = Debug|Any CPU
		{9B40FE2D-9949-4151-BE04-7A17B522FF04}.Debug|x86.ActiveCfg = Debug|x86
		{9B40FE2D-9949-4151-BE04-7A17B522FF04}.Debug|x86.Build.0 = Debug|x86
		{9B40FE2D-9949-4151-BE04-7A17B522FF04}.Release|Any CPU.ActiveCfg = Release|Any CPU
		{9B40FE2D-9949-4151-BE04-7A17B522FF04}.Release|Any CPU.Build.0 = Release|Any CPU
		{9B40FE2D-9949-4151-BE04-7A17B522FF04}.Release|x86.ActiveCfg = Release|x86
		{9B40FE2D-9949-4151-BE04-7A17B522FF04}.Release|x86.Build.0 = Release|x86
		{88C502A2-4FCD-4D27-9D6D-74ED1A5F3C8F}.Debug|Any CPU.ActiveCfg = Debug|Any CPU
		{88C502A2-4FCD-4D27-9D6D-74ED1A5F3C8F}.Debug|Any CPU.Build.0 = Debug|Any CPU
		{88C502A2-4FCD-4D27-9D6D-74ED1A5F3C8F}.Debug|x86.ActiveCfg = Debug|x86
		{88C502A2-4FCD-4D27-9D6D-74ED1A5F3C8F}.Debug|x86.Build.0 = Debug|x86
		{88C502A2-4FCD-4D27-9D6D-74ED1A5F3C8F}.Release|Any CPU.ActiveCfg = Release|Any CPU
		{88C502A2-4FCD-4D27-9D6D-74ED1A5F3C8F}.Release|Any CPU.Build.0 = Release|Any CPU
		{88C502A2-4FCD-4D27-9D6D-74ED1A5F3C8F}.Release|x86.ActiveCfg = Release|x86
		{88C502A2-4FCD-4D27-9D6D-74ED1A5F3C8F}.Release|x86.Build.0 = Release|x86
		{A6E0282A-D134-40DD-8EFA-A3F6332B4EDD}.Debug|Any CPU.ActiveCfg = Debug|Any CPU
		{A6E0282A-D134-40DD-8EFA-A3F6332B4EDD}.Debug|Any CPU.Build.0 = Debug|Any CPU
		{A6E0282A-D134-40DD-8EFA-A3F6332B4EDD}.Debug|x86.ActiveCfg = Debug|x86
		{A6E0282A-D134-40DD-8EFA-A3F6332B4EDD}.Debug|x86.Build.0 = Debug|x86
		{A6E0282A-D134-40DD-8EFA-A3F6332B4EDD}.Release|Any CPU.ActiveCfg = Release|Any CPU
		{A6E0282A-D134-40DD-8EFA-A3F6332B4EDD}.Release|Any CPU.Build.0 = Release|Any CPU
		{A6E0282A-D134-40DD-8EFA-A3F6332B4EDD}.Release|x86.ActiveCfg = Release|x86
		{A6E0282A-D134-40DD-8EFA-A3F6332B4EDD}.Release|x86.Build.0 = Release|x86
		{CBBF95B6-E6B1-4315-A94C-63C6743AA7C8}.Debug|Any CPU.ActiveCfg = Debug|Any CPU
		{CBBF95B6-E6B1-4315-A94C-63C6743AA7C8}.Debug|Any CPU.Build.0 = Debug|Any CPU
		{CBBF95B6-E6B1-4315-A94C-63C6743AA7C8}.Debug|x86.ActiveCfg = Debug|x86
		{CBBF95B6-E6B1-4315-A94C-63C6743AA7C8}.Debug|x86.Build.0 = Debug|x86
		{CBBF95B6-E6B1-4315-A94C-63C6743AA7C8}.Release|Any CPU.ActiveCfg = Release|Any CPU
		{CBBF95B6-E6B1-4315-A94C-63C6743AA7C8}.Release|Any CPU.Build.0 = Release|Any CPU
		{CBBF95B6-E6B1-4315-A94C-63C6743AA7C8}.Release|x86.ActiveCfg = Release|x86
		{CBBF95B6-E6B1-4315-A94C-63C6743AA7C8}.Release|x86.Build.0 = Release|x86
		{6990228A-4238-4B89-9D68-E28630703FF2}.Debug|Any CPU.ActiveCfg = Debug|Any CPU
		{6990228A-4238-4B89-9D68-E28630703FF2}.Debug|Any CPU.Build.0 = Debug|Any CPU
		{6990228A-4238-4B89-9D68-E28630703FF2}.Debug|x86.ActiveCfg = Debug|x86
		{6990228A-4238-4B89-9D68-E28630703FF2}.Debug|x86.Build.0 = Debug|x86
		{6990228A-4238-4B89-9D68-E28630703FF2}.Release|Any CPU.ActiveCfg = Release|Any CPU
		{6990228A-4238-4B89-9D68-E28630703FF2}.Release|Any CPU.Build.0 = Release|Any CPU
		{6990228A-4238-4B89-9D68-E28630703FF2}.Release|x86.ActiveCfg = Release|x86
		{6990228A-4238-4B89-9D68-E28630703FF2}.Release|x86.Build.0 = Release|x86
		{C43B3E47-1C7F-4BD5-84FC-3DA4E06F57EA}.Debug|Any CPU.ActiveCfg = Debug|Any CPU
		{C43B3E47-1C7F-4BD5-84FC-3DA4E06F57EA}.Debug|Any CPU.Build.0 = Debug|Any CPU
		{C43B3E47-1C7F-4BD5-84FC-3DA4E06F57EA}.Debug|x86.ActiveCfg = Debug|x86
		{C43B3E47-1C7F-4BD5-84FC-3DA4E06F57EA}.Debug|x86.Build.0 = Debug|x86
		{C43B3E47-1C7F-4BD5-84FC-3DA4E06F57EA}.Release|Any CPU.ActiveCfg = Release|Any CPU
		{C43B3E47-1C7F-4BD5-84FC-3DA4E06F57EA}.Release|Any CPU.Build.0 = Release|Any CPU
		{C43B3E47-1C7F-4BD5-84FC-3DA4E06F57EA}.Release|x86.ActiveCfg = Release|x86
		{C43B3E47-1C7F-4BD5-84FC-3DA4E06F57EA}.Release|x86.Build.0 = Release|x86
		{FC924B22-160A-4F7F-98EB-63E420DE694E}.Debug|Any CPU.ActiveCfg = Debug|Any CPU
		{FC924B22-160A-4F7F-98EB-63E420DE694E}.Debug|Any CPU.Build.0 = Debug|Any CPU
		{FC924B22-160A-4F7F-98EB-63E420DE694E}.Debug|x86.ActiveCfg = Debug|x86
		{FC924B22-160A-4F7F-98EB-63E420DE694E}.Debug|x86.Build.0 = Debug|x86
		{FC924B22-160A-4F7F-98EB-63E420DE694E}.Release|Any CPU.ActiveCfg = Release|Any CPU
		{FC924B22-160A-4F7F-98EB-63E420DE694E}.Release|Any CPU.Build.0 = Release|Any CPU
		{FC924B22-160A-4F7F-98EB-63E420DE694E}.Release|x86.ActiveCfg = Release|x86
		{FC924B22-160A-4F7F-98EB-63E420DE694E}.Release|x86.Build.0 = Release|x86
		{5E72E751-1FE9-451B-B548-B645829A0951}.Debug|Any CPU.ActiveCfg = Debug|Any CPU
		{5E72E751-1FE9-451B-B548-B645829A0951}.Debug|Any CPU.Build.0 = Debug|Any CPU
		{5E72E751-1FE9-451B-B548-B645829A0951}.Debug|x86.ActiveCfg = Debug|x86
		{5E72E751-1FE9-451B-B548-B645829A0951}.Debug|x86.Build.0 = Debug|x86
		{5E72E751-1FE9-451B-B548-B645829A0951}.Release|Any CPU.ActiveCfg = Release|Any CPU
		{5E72E751-1FE9-451B-B548-B645829A0951}.Release|Any CPU.Build.0 = Release|Any CPU
		{5E72E751-1FE9-451B-B548-B645829A0951}.Release|x86.ActiveCfg = Release|x86
		{5E72E751-1FE9-451B-B548-B645829A0951}.Release|x86.Build.0 = Release|x86
	EndGlobalSection
	GlobalSection(SolutionProperties) = preSolution
		HideSolutionNode = FALSE
	EndGlobalSection
EndGlobal
